{
  "version": 4,
  "terraform_version": "1.1.8",
  "serial": 11,
  "lineage": "67823b44-3396-3c28-2a4b-0325aed6bfbd",
  "outputs": {
    "vpc_arn": {
      "value": "arn:aws:ec2:us-east-2:482011693820:vpc/vpc-03e4ab51f8ed0e6a6",
      "type": "string"
    },
    "vpc_cidr": {
      "value": "10.0.0.0/16",
      "type": "string"
    },
    "vpc_id": {
      "value": "vpc-03e4ab51f8ed0e6a6",
      "type": "string"
    }
  },
  "resources": [
    {
      "mode": "managed",
      "type": "aws_vpc",
      "name": "sharks_vpc",
      "provider": "provider[\"registry.terraform.io/hashicorp/aws\"]",
      "instances": [
        {
          "schema_version": 1,
          "attributes": {
            "arn": "arn:aws:ec2:us-east-2:482011693820:vpc/vpc-03e4ab51f8ed0e6a6",
            "assign_generated_ipv6_cidr_block": false,
            "cidr_block": "10.0.0.0/16",
            "default_network_acl_id": "acl-0d9826609e026c443",
            "default_route_table_id": "rtb-0423fcff90c267308",
            "default_security_group_id": "sg-0ccf7253013d18db7",
            "dhcp_options_id": "dopt-05f90c24e5a7cb9a4",
            "enable_classiclink": false,
            "enable_classiclink_dns_support": false,
            "enable_dns_hostnames": false,
            "enable_dns_support": true,
            "id": "vpc-03e4ab51f8ed0e6a6",
            "instance_tenancy": "default",
            "ipv4_ipam_pool_id": null,
            "ipv4_netmask_length": null,
            "ipv6_association_id": "",
            "ipv6_cidr_block": "",
            "ipv6_cidr_block_network_border_group": "",
            "ipv6_ipam_pool_id": "",
            "ipv6_netmask_length": 0,
            "main_route_table_id": "rtb-0423fcff90c267308",
            "owner_id": "482011693820",
            "tags": {
              "Environment": "DEV",
              "Location": "USA",
              "Name": "Terraform-EKS-VPC"
            },
            "tags_all": {
              "Environment": "DEV",
              "Location": "USA",
              "Name": "Terraform-EKS-VPC"
            }
          },
          "sensitive_attributes": [],
          "private": "eyJzY2hlbWFfdmVyc2lvbiI6IjEifQ=="
        }
      ]
    }
  ]
}
