{
  "version": 4,
  "terraform_version": "1.1.8",
  "serial": 27,
  "lineage": "f45f7f76-35db-cf7e-69bd-913f88f4c051",
  "outputs": {},
  "resources": [
    {
      "mode": "managed",
      "type": "aws_vpc",
      "name": "terraform-eks-vpc",
      "provider": "provider[\"registry.terraform.io/hashicorp/aws\"]",
      "instances": [
        {
          "index_key": 0,
          "schema_version": 1,
          "attributes": {
            "arn": "arn:aws:ec2:us-east-2:160814990772:vpc/vpc-0c5fdfaf9ac408fc5",
            "assign_generated_ipv6_cidr_block": false,
            "cidr_block": "10.0.0.0/16",
            "default_network_acl_id": "acl-065a1640d27160f9a",
            "default_route_table_id": "rtb-03afd2084dc6908ec",
            "default_security_group_id": "sg-0997d2eb3580cb0df",
            "dhcp_options_id": "dopt-3cda4757",
            "enable_classiclink": false,
            "enable_classiclink_dns_support": false,
            "enable_dns_hostnames": false,
            "enable_dns_support": true,
            "id": "vpc-0c5fdfaf9ac408fc5",
            "instance_tenancy": "default",
            "ipv4_ipam_pool_id": null,
            "ipv4_netmask_length": null,
            "ipv6_association_id": "",
            "ipv6_cidr_block": "",
            "ipv6_cidr_block_network_border_group": "",
            "ipv6_ipam_pool_id": "",
            "ipv6_netmask_length": 0,
            "main_route_table_id": "rtb-03afd2084dc6908ec",
            "owner_id": "160814990772",
            "tags": {
              "Environment": "dev",
              "Location": "USA",
              "Name": "terraform-eks-vpc"
            },
            "tags_all": {
              "Environment": "dev",
              "Location": "USA",
              "Name": "terraform-eks-vpc"
            }
          },
          "sensitive_attributes": [],
          "private": "eyJzY2hlbWFfdmVyc2lvbiI6IjEifQ=="
        }
      ]
    }
  ]
}
