{
  "version": 4,
  "terraform_version": "1.1.8",
  "serial": 3,
  "lineage": "390ecaa8-a2d4-43e1-6331-433e85b3cc6d",
  "outputs": {},
  "resources": [
    {
      "mode": "managed",
      "type": "aws_vpc",
      "name": "terraform-eks-vpc",
      "provider": "provider[\"registry.terraform.io/hashicorp/aws\"]",
      "instances": [
        {
          "index_key": 0,
          "schema_version": 1,
          "attributes": {
            "arn": "arn:aws:ec2:us-east-2:160814990772:vpc/vpc-073f7e1c6839661a9",
            "assign_generated_ipv6_cidr_block": false,
            "cidr_block": "10.0.0.0/16",
            "default_network_acl_id": "acl-0ee90515bb2521a66",
            "default_route_table_id": "rtb-02395166f17b6577f",
            "default_security_group_id": "sg-0aa5847b4d6593660",
            "dhcp_options_id": "dopt-3cda4757",
            "enable_classiclink": false,
            "enable_classiclink_dns_support": false,
            "enable_dns_hostnames": false,
            "enable_dns_support": true,
            "id": "vpc-073f7e1c6839661a9",
            "instance_tenancy": "default",
            "ipv4_ipam_pool_id": null,
            "ipv4_netmask_length": null,
            "ipv6_association_id": "",
            "ipv6_cidr_block": "",
            "ipv6_cidr_block_network_border_group": "",
            "ipv6_ipam_pool_id": "",
            "ipv6_netmask_length": 0,
            "main_route_table_id": "rtb-02395166f17b6577f",
            "owner_id": "160814990772",
            "tags": {
              "Environment": "prod",
              "Location": "USA",
              "Name": "terraform-prod"
            },
            "tags_all": {
              "Environment": "prod",
              "Location": "USA",
              "Name": "terraform-prod"
            }
          },
          "sensitive_attributes": [],
          "private": "eyJzY2hlbWFfdmVyc2lvbiI6IjEifQ=="
        }
      ]
    }
  ]
}
